
Microsoft Visual Studio Solution File, Format Version 12.00
# Visual Studio Version 17
VisualStudioVersion = 17.1.32414.318
MinimumVisualStudioVersion = 10.0.40219.1
Project("{8BC9CEB8-8B4A-11D0-8D11-00A0C91BC942}") = "公司考勤管理系统", "公司考勤管理系统.vcxproj", "{C0662332-CCA5-4F48-9824-1C026D6954DC}"
EndProject
Global
	GlobalSection(SolutionConfigurationPlatforms) = preSolution
		Debug|x64 = Debug|x64
		Debug|x86 = Debug|x86
		Release|x64 = Release|x64
		Release|x86 = Release|x86
	EndGlobalSection
	GlobalSection(ProjectConfigurationPlatforms) = postSolution
		{C0662332-CCA5-4F48-9824-1C026D6954DC}.Debug|x64.ActiveCfg = Debug|x64
		{C0662332-CCA5-4F48-9824-1C026D6954DC}.Debug|x64.Build.0 = Debug|x64
		{C0662332-CCA5-4F48-9824-1C026D6954DC}.Debug|x86.ActiveCfg = Debug|Win32
		{C0662332-CCA5-4F48-9824-1C026D6954DC}.Debug|x86.Build.0 = Debug|Win32
		{C0662332-CCA5-4F48-9824-1C026D6954DC}.Release|x64.ActiveCfg = Release|x64
		{C0662332-CCA5-4F48-9824-1C026D6954DC}.Release|x64.Build.0 = Release|x64
		{C0662332-CCA5-4F48-9824-1C026D6954DC}.Release|x86.ActiveCfg = Release|Win32
		{C0662332-CCA5-4F48-9824-1C026D6954DC}.Release|x86.Build.0 = Release|Win32
	EndGlobalSection
	GlobalSection(SolutionProperties) = preSolution
		HideSolutionNode = FALSE
	EndGlobalSection
	GlobalSection(ExtensibilityGlobals) = postSolution
		SolutionGuid = {A3D1BA3A-5BF0-4A73-A1E0-80D31A4EEC05}
	EndGlobalSection
EndGlobal
