
Microsoft Visual Studio Solution File, Format Version 12.00
# Visual Studio Version 17
VisualStudioVersion = 17.1.32414.318
MinimumVisualStudioVersion = 10.0.40219.1
Project("{8BC9CEB8-8B4A-11D0-8D11-00A0C91BC942}") = "不一样的A-B", "不一样的A-B.vcxproj", "{30D034AC-1771-4214-8596-B5F681D7474E}"
EndProject
Global
	GlobalSection(SolutionConfigurationPlatforms) = preSolution
		Debug|x64 = Debug|x64
		Debug|x86 = Debug|x86
		Release|x64 = Release|x64
		Release|x86 = Release|x86
	EndGlobalSection
	GlobalSection(ProjectConfigurationPlatforms) = postSolution
		{30D034AC-1771-4214-8596-B5F681D7474E}.Debug|x64.ActiveCfg = Debug|x64
		{30D034AC-1771-4214-8596-B5F681D7474E}.Debug|x64.Build.0 = Debug|x64
		{30D034AC-1771-4214-8596-B5F681D7474E}.Debug|x86.ActiveCfg = Debug|Win32
		{30D034AC-1771-4214-8596-B5F681D7474E}.Debug|x86.Build.0 = Debug|Win32
		{30D034AC-1771-4214-8596-B5F681D7474E}.Release|x64.ActiveCfg = Release|x64
		{30D034AC-1771-4214-8596-B5F681D7474E}.Release|x64.Build.0 = Release|x64
		{30D034AC-1771-4214-8596-B5F681D7474E}.Release|x86.ActiveCfg = Release|Win32
		{30D034AC-1771-4214-8596-B5F681D7474E}.Release|x86.Build.0 = Release|Win32
	EndGlobalSection
	GlobalSection(SolutionProperties) = preSolution
		HideSolutionNode = FALSE
	EndGlobalSection
	GlobalSection(ExtensibilityGlobals) = postSolution
		SolutionGuid = {064E05A3-6D31-427C-A992-4472C5AA7AF2}
	EndGlobalSection
EndGlobal
